
Microsoft Visual Studio Solution File, Format Version 12.00
# Visual Studio Version 16
VisualStudioVersion = 16.0.30517.126
MinimumVisualStudioVersion = 10.0.40219.1
Project("{FAE04EC0-301F-11D3-BF4B-00C04F79EFBC}") = "team2Geraldton", "team2Geraldton.csproj", "{DB36C3BC-8256-4713-A533-5C5B991CB15F}"
EndProject
Global
	GlobalSection(SolutionConfigurationPlatforms) = preSolution
		Debug|Any CPU = Debug|Any CPU
		Release|Any CPU = Release|Any CPU
	EndGlobalSection
	GlobalSection(ProjectConfigurationPlatforms) = postSolution
		{DB36C3BC-8256-4713-A533-5C5B991CB15F}.Debug|Any CPU.ActiveCfg = Debug|Any CPU
		{DB36C3BC-8256-4713-A533-5C5B991CB15F}.Debug|Any CPU.Build.0 = Debug|Any CPU
		{DB36C3BC-8256-4713-A533-5C5B991CB15F}.Release|Any CPU.ActiveCfg = Release|Any CPU
		{DB36C3BC-8256-4713-A533-5C5B991CB15F}.Release|Any CPU.Build.0 = Release|Any CPU
	EndGlobalSection
	GlobalSection(SolutionProperties) = preSolution
		HideSolutionNode = FALSE
	EndGlobalSection
	GlobalSection(ExtensibilityGlobals) = postSolution
		SolutionGuid = {6CAF03FE-CD77-4422-B58F-9AD0FFDB86C8}
	EndGlobalSection
EndGlobal
