
Microsoft Visual Studio Solution File, Format Version 12.00
# Visual Studio Version 16
VisualStudioVersion = 16.0.30517.126
MinimumVisualStudioVersion = 10.0.40219.1
Project("{FAE04EC0-301F-11D3-BF4B-00C04F79EFBC}") = "team2Geraldton", "team2Geraldton.csproj", "{DF1A238A-947A-42F9-A1A7-46EE167F7AE5}"
EndProject
Global
	GlobalSection(SolutionConfigurationPlatforms) = preSolution
		Debug|Any CPU = Debug|Any CPU
		Release|Any CPU = Release|Any CPU
	EndGlobalSection
	GlobalSection(ProjectConfigurationPlatforms) = postSolution
		{DF1A238A-947A-42F9-A1A7-46EE167F7AE5}.Debug|Any CPU.ActiveCfg = Debug|Any CPU
		{DF1A238A-947A-42F9-A1A7-46EE167F7AE5}.Debug|Any CPU.Build.0 = Debug|Any CPU
		{DF1A238A-947A-42F9-A1A7-46EE167F7AE5}.Release|Any CPU.ActiveCfg = Release|Any CPU
		{DF1A238A-947A-42F9-A1A7-46EE167F7AE5}.Release|Any CPU.Build.0 = Release|Any CPU
	EndGlobalSection
	GlobalSection(SolutionProperties) = preSolution
		HideSolutionNode = FALSE
	EndGlobalSection
	GlobalSection(ExtensibilityGlobals) = postSolution
		SolutionGuid = {EC971685-FB35-487E-B2F4-FC787D012F2E}
	EndGlobalSection
EndGlobal
